
Microsoft Visual Studio Solution File, Format Version 12.00
# Visual Studio 15
VisualStudioVersion = 15.0.27428.2011
MinimumVisualStudioVersion = 10.0.40219.1
Project("{FAE04EC0-301F-11D3-BF4B-00C04F79EFBC}") = "WebApplication1", "WebApplication1\WebApplication1.csproj", "{B657966A-666A-4243-A979-70E634A12AB8}"
EndProject
Global
	GlobalSection(SolutionConfigurationPlatforms) = preSolution
		Debug|Any CPU = Debug|Any CPU
		Release|Any CPU = Release|Any CPU
	EndGlobalSection
	GlobalSection(ProjectConfigurationPlatforms) = postSolution
		{B657966A-666A-4243-A979-70E634A12AB8}.Debug|Any CPU.ActiveCfg = Debug|Any CPU
		{B657966A-666A-4243-A979-70E634A12AB8}.Debug|Any CPU.Build.0 = Debug|Any CPU
		{B657966A-666A-4243-A979-70E634A12AB8}.Release|Any CPU.ActiveCfg = Release|Any CPU
		{B657966A-666A-4243-A979-70E634A12AB8}.Release|Any CPU.Build.0 = Release|Any CPU
	EndGlobalSection
	GlobalSection(SolutionProperties) = preSolution
		HideSolutionNode = FALSE
	EndGlobalSection
	GlobalSection(ExtensibilityGlobals) = postSolution
		SolutionGuid = {46C59F6C-EA06-42E8-BC9D-478915697C92}
	EndGlobalSection
EndGlobal
